
Microsoft Visual Studio Solution File, Format Version 12.00
# Blend for Visual Studio 14
VisualStudioVersion = 14.0.25420.1
MinimumVisualStudioVersion = 10.0.40219.1
Project("{FAE04EC0-301F-11D3-BF4B-00C04F79EFBC}") = "IP探测工具", "WindowsFormsApplication1\IP探测工具.csproj", "{80CD009E-5CF6-4F64-942B-EB776C97D756}"
EndProject
Global
	GlobalSection(SolutionConfigurationPlatforms) = preSolution
		Debug|Any CPU = Debug|Any CPU
		Release|Any CPU = Release|Any CPU
	EndGlobalSection
	GlobalSection(ProjectConfigurationPlatforms) = postSolution
		{80CD009E-5CF6-4F64-942B-EB776C97D756}.Debug|Any CPU.ActiveCfg = Debug|Any CPU
		{80CD009E-5CF6-4F64-942B-EB776C97D756}.Debug|Any CPU.Build.0 = Debug|Any CPU
		{80CD009E-5CF6-4F64-942B-EB776C97D756}.Release|Any CPU.ActiveCfg = Release|Any CPU
		{80CD009E-5CF6-4F64-942B-EB776C97D756}.Release|Any CPU.Build.0 = Release|Any CPU
	EndGlobalSection
	GlobalSection(SolutionProperties) = preSolution
		HideSolutionNode = FALSE
	EndGlobalSection
EndGlobal
